
Microsoft Visual Studio Solution File, Format Version 12.00
# Visual Studio Version 17
VisualStudioVersion = 17.9.34616.47
MinimumVisualStudioVersion = 10.0.40219.1
Project("{9A19103F-16F7-4668-BE54-9A1E7A4F7556}") = "MuskMotions", "MuskMotions.csproj", "{4E166E79-4694-4332-A858-0B33E04728EA}"
EndProject
Global
	GlobalSection(SolutionConfigurationPlatforms) = preSolution
		Debug|Any CPU = Debug|Any CPU
		Release|Any CPU = Release|Any CPU
	EndGlobalSection
	GlobalSection(ProjectConfigurationPlatforms) = postSolution
		{4E166E79-4694-4332-A858-0B33E04728EA}.Debug|Any CPU.ActiveCfg = Debug|Any CPU
		{4E166E79-4694-4332-A858-0B33E04728EA}.Debug|Any CPU.Build.0 = Debug|Any CPU
		{4E166E79-4694-4332-A858-0B33E04728EA}.Release|Any CPU.ActiveCfg = Release|Any CPU
		{4E166E79-4694-4332-A858-0B33E04728EA}.Release|Any CPU.Build.0 = Release|Any CPU
	EndGlobalSection
	GlobalSection(SolutionProperties) = preSolution
		HideSolutionNode = FALSE
	EndGlobalSection
	GlobalSection(ExtensibilityGlobals) = postSolution
		SolutionGuid = {04C3FF9C-0F49-4468-8F57-A7284CC00F3B}
	EndGlobalSection
EndGlobal
